// !$*UTF8*$!
{
	archiveVersion = 1;
	classes = {
	};
	objectVersion = 56;
	objects = {

/* Begin PBXBuildFile section */
		0229193C2C73339100A22BAB /* LandmarksApp.swift in Sources */ = {isa = PBXBuildFile; fileRef = 0229193B2C73339100A22BAB /* LandmarksApp.swift */; };
		0229193E2C73339100A22BAB /* ContentView.swift in Sources */ = {isa = PBXBuildFile; fileRef = 0229193D2C73339100A22BAB /* ContentView.swift */; };
		022919402C73339300A22BAB /* Assets.xcassets in Resources */ = {isa = PBXBuildFile; fileRef = 0229193F2C73339300A22BAB /* Assets.xcassets */; };
		022919432C73339300A22BAB /* Preview Assets.xcassets in Resources */ = {isa = PBXBuildFile; fileRef = 022919422C73339300A22BAB /* Preview Assets.xcassets */; };
		0229194C2C733B2C00A22BAB /* CircleImage.swift in Sources */ = {isa = PBXBuildFile; fileRef = 0229194B2C733B2C00A22BAB /* CircleImage.swift */; };
		022919502C73484300A22BAB /* MapView.swift in Sources */ = {isa = PBXBuildFile; fileRef = 0229194F2C73484300A22BAB /* MapView.swift */; };
		022919522C734EA200A22BAB /* landmarkData.json in Resources */ = {isa = PBXBuildFile; fileRef = 022919512C734EA200A22BAB /* landmarkData.json */; };
		022919542C734EB800A22BAB /* Landmark.swift in Sources */ = {isa = PBXBuildFile; fileRef = 022919532C734EB800A22BAB /* Landmark.swift */; };
		022919562C73535700A22BAB /* ModelData.swift in Sources */ = {isa = PBXBuildFile; fileRef = 022919552C73535700A22BAB /* ModelData.swift */; };
		0229195B2C736B1C00A22BAB /* LandmarkRow.swift in Sources */ = {isa = PBXBuildFile; fileRef = 0229195A2C736B1C00A22BAB /* LandmarkRow.swift */; };
		0229195D2C736F5200A22BAB /* LandmarkList.swift in Sources */ = {isa = PBXBuildFile; fileRef = 0229195C2C736F5200A22BAB /* LandmarkList.swift */; };
		0229195F2C73748900A22BAB /* LandmarkDetail.swift in Sources */ = {isa = PBXBuildFile; fileRef = 0229195E2C73748900A22BAB /* LandmarkDetail.swift */; };
		022919612C7CC14700A22BAB /* FavoriteButton.swift in Sources */ = {isa = PBXBuildFile; fileRef = 022919602C7CC14700A22BAB /* FavoriteButton.swift */; };
/* End PBXBuildFile section */

/* Begin PBXFileReference section */
		022919382C73339100A22BAB /* Landmarks.app */ = {isa = PBXFileReference; explicitFileType = wrapper.application; includeInIndex = 0; path = Landmarks.app; sourceTree = BUILT_PRODUCTS_DIR; };
		0229193B2C73339100A22BAB /* LandmarksApp.swift */ = {isa = PBXFileReference; lastKnownFileType = sourcecode.swift; path = LandmarksApp.swift; sourceTree = "<group>"; };
		0229193D2C73339100A22BAB /* ContentView.swift */ = {isa = PBXFileReference; lastKnownFileType = sourcecode.swift; path = ContentView.swift; sourceTree = "<group>"; };
		0229193F2C73339300A22BAB /* Assets.xcassets */ = {isa = PBXFileReference; lastKnownFileType = folder.assetcatalog; path = Assets.xcassets; sourceTree = "<group>"; };
		022919422C73339300A22BAB /* Preview Assets.xcassets */ = {isa = PBXFileReference; lastKnownFileType = folder.assetcatalog; path = "Preview Assets.xcassets"; sourceTree = "<group>"; };
		0229194B2C733B2C00A22BAB /* CircleImage.swift */ = {isa = PBXFileReference; lastKnownFileType = sourcecode.swift; path = CircleImage.swift; sourceTree = "<group>"; };
		0229194F2C73484300A22BAB /* MapView.swift */ = {isa = PBXFileReference; lastKnownFileType = sourcecode.swift; path = MapView.swift; sourceTree = "<group>"; };
		022919512C734EA200A22BAB /* landmarkData.json */ = {isa = PBXFileReference; fileEncoding = 4; lastKnownFileType = text.json; path = landmarkData.json; sourceTree = "<group>"; };
		022919532C734EB800A22BAB /* Landmark.swift */ = {isa = PBXFileReference; lastKnownFileType = sourcecode.swift; path = Landmark.swift; sourceTree = "<group>"; };
		022919552C73535700A22BAB /* ModelData.swift */ = {isa = PBXFileReference; lastKnownFileType = sourcecode.swift; path = ModelData.swift; sourceTree = "<group>"; };
		0229195A2C736B1C00A22BAB /* LandmarkRow.swift */ = {isa = PBXFileReference; lastKnownFileType = sourcecode.swift; path = LandmarkRow.swift; sourceTree = "<group>"; };
		0229195C2C736F5200A22BAB /* LandmarkList.swift */ = {isa = PBXFileReference; lastKnownFileType = sourcecode.swift; path = LandmarkList.swift; sourceTree = "<group>"; };
		0229195E2C73748900A22BAB /* LandmarkDetail.swift */ = {isa = PBXFileReference; lastKnownFileType = sourcecode.swift; path = LandmarkDetail.swift; sourceTree = "<group>"; };
		022919602C7CC14700A22BAB /* FavoriteButton.swift */ = {isa = PBXFileReference; lastKnownFileType = sourcecode.swift; path = FavoriteButton.swift; sourceTree = "<group>"; };
/* End PBXFileReference section */

/* Begin PBXFrameworksBuildPhase section */
		022919352C73339100A22BAB /* Frameworks */ = {
			isa = PBXFrameworksBuildPhase;
			buildActionMask = 2147483647;
			files = (
			);
			runOnlyForDeploymentPostprocessing = 0;
		};
/* End PBXFrameworksBuildPhase section */

/* Begin PBXGroup section */
		0229192F2C73339100A22BAB = {
			isa = PBXGroup;
			children = (
				0229193A2C73339100A22BAB /* Landmarks */,
				022919392C73339100A22BAB /* Products */,
			);
			sourceTree = "<group>";
		};
		022919392C73339100A22BAB /* Products */ = {
			isa = PBXGroup;
			children = (
				022919382C73339100A22BAB /* Landmarks.app */,
			);
			name = Products;
			sourceTree = "<group>";
		};
		0229193A2C73339100A22BAB /* Landmarks */ = {
			isa = PBXGroup;
			children = (
				022919622C7CC21400A22BAB /* Helper */,
				022919592C736AC300A22BAB /* Resources */,
				022919582C736AB800A22BAB /* Model */,
				022919572C736A8D00A22BAB /* Views */,
				0229193B2C73339100A22BAB /* LandmarksApp.swift */,
				0229193F2C73339300A22BAB /* Assets.xcassets */,
				022919412C73339300A22BAB /* Preview Content */,
			);
			path = Landmarks;
			sourceTree = "<group>";
		};
		022919412C73339300A22BAB /* Preview Content */ = {
			isa = PBXGroup;
			children = (
				022919422C73339300A22BAB /* Preview Assets.xcassets */,
			);
			path = "Preview Content";
			sourceTree = "<group>";
		};
		022919572C736A8D00A22BAB /* Views */ = {
			isa = PBXGroup;
			children = (
				0229193D2C73339100A22BAB /* ContentView.swift */,
				0229195A2C736B1C00A22BAB /* LandmarkRow.swift */,
				0229195C2C736F5200A22BAB /* LandmarkList.swift */,
				0229195E2C73748900A22BAB /* LandmarkDetail.swift */,
			);
			path = Views;
			sourceTree = "<group>";
		};
		022919582C736AB800A22BAB /* Model */ = {
			isa = PBXGroup;
			children = (
				022919532C734EB800A22BAB /* Landmark.swift */,
				022919552C73535700A22BAB /* ModelData.swift */,
			);
			path = Model;
			sourceTree = "<group>";
		};
		022919592C736AC300A22BAB /* Resources */ = {
			isa = PBXGroup;
			children = (
				022919512C734EA200A22BAB /* landmarkData.json */,
			);
			path = Resources;
			sourceTree = "<group>";
		};
		022919622C7CC21400A22BAB /* Helper */ = {
			isa = PBXGroup;
			children = (
				0229194B2C733B2C00A22BAB /* CircleImage.swift */,
				0229194F2C73484300A22BAB /* MapView.swift */,
				022919602C7CC14700A22BAB /* FavoriteButton.swift */,
			);
			path = Helper;
			sourceTree = "<group>";
		};
/* End PBXGroup section */

/* Begin PBXNativeTarget section */
		022919372C73339100A22BAB /* Landmarks */ = {
			isa = PBXNativeTarget;
			buildConfigurationList = 022919462C73339300A22BAB /* Build configuration list for PBXNativeTarget "Landmarks" */;
			buildPhases = (
				022919342C73339100A22BAB /* Sources */,
				022919352C73339100A22BAB /* Frameworks */,
				022919362C73339100A22BAB /* Resources */,
			);
			buildRules = (
			);
			dependencies = (
			);
			name = Landmarks;
			productName = Landmarks;
			productReference = 022919382C73339100A22BAB /* Landmarks.app */;
			productType = "com.apple.product-type.application";
		};
/* End PBXNativeTarget section */

/* Begin PBXProject section */
		022919302C73339100A22BAB /* Project object */ = {
			isa = PBXProject;
			attributes = {
				BuildIndependentTargetsInParallel = 1;
				LastSwiftUpdateCheck = 1540;
				LastUpgradeCheck = 1540;
				TargetAttributes = {
					022919372C73339100A22BAB = {
						CreatedOnToolsVersion = 15.4;
					};
				};
			};
			buildConfigurationList = 022919332C73339100A22BAB /* Build configuration list for PBXProject "Landmarks" */;
			compatibilityVersion = "Xcode 14.0";
			developmentRegion = en;
			hasScannedForEncodings = 0;
			knownRegions = (
				en,
				Base,
			);
			mainGroup = 0229192F2C73339100A22BAB;
			productRefGroup = 022919392C73339100A22BAB /* Products */;
			projectDirPath = "";
			projectRoot = "";
			targets = (
				022919372C73339100A22BAB /* Landmarks */,
			);
		};
/* End PBXProject section */

/* Begin PBXResourcesBuildPhase section */
		022919362C73339100A22BAB /* Resources */ = {
			isa = PBXResourcesBuildPhase;
			buildActionMask = 2147483647;
			files = (
				022919432C73339300A22BAB /* Preview Assets.xcassets in Resources */,
				022919402C73339300A22BAB /* Assets.xcassets in Resources */,
				022919522C734EA200A22BAB /* landmarkData.json in Resources */,
			);
			runOnlyForDeploymentPostprocessing = 0;
		};
/* End PBXResourcesBuildPhase section */

/* Begin PBXSourcesBuildPhase section */
		022919342C73339100A22BAB /* Sources */ = {
			isa = PBXSourcesBuildPhase;
			buildActionMask = 2147483647;
			files = (
				0229193E2C73339100A22BAB /* ContentView.swift in Sources */,
				022919502C73484300A22BAB /* MapView.swift in Sources */,
				0229193C2C73339100A22BAB /* LandmarksApp.swift in Sources */,
				022919612C7CC14700A22BAB /* FavoriteButton.swift in Sources */,
				0229195D2C736F5200A22BAB /* LandmarkList.swift in Sources */,
				0229195F2C73748900A22BAB /* LandmarkDetail.swift in Sources */,
				0229194C2C733B2C00A22BAB /* CircleImage.swift in Sources */,
				022919542C734EB800A22BAB /* Landmark.swift in Sources */,
				0229195B2C736B1C00A22BAB /* LandmarkRow.swift in Sources */,
				022919562C73535700A22BAB /* ModelData.swift in Sources */,
			);
			runOnlyForDeploymentPostprocessing = 0;
		};
/* End PBXSourcesBuildPhase section */

/* Begin XCBuildConfiguration section */
		022919442C73339300A22BAB /* Debug */ = {
			isa = XCBuildConfiguration;
			buildSettings = {
				ALWAYS_SEARCH_USER_PATHS = NO;
				ASSETCATALOG_COMPILER_GENERATE_SWIFT_ASSET_SYMBOL_EXTENSIONS = YES;
				CLANG_ANALYZER_NONNULL = YES;
				CLANG_ANALYZER_NUMBER_OBJECT_CONVERSION = YES_AGGRESSIVE;
				CLANG_CXX_LANGUAGE_STANDARD = "gnu++20";
				CLANG_ENABLE_MODULES = YES;
				CLANG_ENABLE_OBJC_ARC = YES;
				CLANG_ENABLE_OBJC_WEAK = YES;
				CLANG_WARN_BLOCK_CAPTURE_AUTORELEASING = YES;
				CLANG_WARN_BOOL_CONVERSION = YES;
				CLANG_WARN_COMMA = YES;
				CLANG_WARN_CONSTANT_CONVERSION = YES;
				CLANG_WARN_DEPRECATED_OBJC_IMPLEMENTATIONS = YES;
				CLANG_WARN_DIRECT_OBJC_ISA_USAGE = YES_ERROR;
				CLANG_WARN_DOCUMENTATION_COMMENTS = YES;
				CLANG_WARN_EMPTY_BODY = YES;
				CLANG_WARN_ENUM_CONVERSION = YES;
				CLANG_WARN_INFINITE_RECURSION = YES;
				CLANG_WARN_INT_CONVERSION = YES;
				CLANG_WARN_NON_LITERAL_NULL_CONVERSION = YES;
				CLANG_WARN_OBJC_IMPLICIT_RETAIN_SELF = YES;
				CLANG_WARN_OBJC_LITERAL_CONVERSION = YES;
				CLANG_WARN_OBJC_ROOT_CLASS = YES_ERROR;
				CLANG_WARN_QUOTED_INCLUDE_IN_FRAMEWORK_HEADER = YES;
				CLANG_WARN_RANGE_LOOP_ANALYSIS = YES;
				CLANG_WARN_STRICT_PROTOTYPES = YES;
				CLANG_WARN_SUSPICIOUS_MOVE = YES;
				CLANG_WARN_UNGUARDED_AVAILABILITY = YES_AGGRESSIVE;
				CLANG_WARN_UNREACHABLE_CODE = YES;
				CLANG_WARN__DUPLICATE_METHOD_MATCH = YES;
				COPY_PHASE_STRIP = NO;
				DEBUG_INFORMATION_FORMAT = dwarf;
				ENABLE_STRICT_OBJC_MSGSEND = YES;
				ENABLE_TESTABILITY = YES;
				ENABLE_USER_SCRIPT_SANDBOXING = YES;
				GCC_C_LANGUAGE_STANDARD = gnu17;
				GCC_DYNAMIC_NO_PIC = NO;
				GCC_NO_COMMON_BLOCKS = YES;
				GCC_OPTIMIZATION_LEVEL = 0;
				GCC_PREPROCESSOR_DEFINITIONS = (
					"DEBUG=1",
					"$(inherited)",
				);
				GCC_WARN_64_TO_32_BIT_CONVERSION = YES;
				GCC_WARN_ABOUT_RETURN_TYPE = YES_ERROR;
				GCC_WARN_UNDECLARED_SELECTOR = YES;
				GCC_WARN_UNINITIALIZED_AUTOS = YES_AGGRESSIVE;
				GCC_WARN_UNUSED_FUNCTION = YES;
				GCC_WARN_UNUSED_VARIABLE = YES;
				IPHONEOS_DEPLOYMENT_TARGET = 17.5;
				LOCALIZATION_PREFERS_STRING_CATALOGS = YES;
				MTL_ENABLE_DEBUG_INFO = INCLUDE_SOURCE;
				MTL_FAST_MATH = YES;
				ONLY_ACTIVE_ARCH = YES;
				SDKROOT = iphoneos;
				SWIFT_ACTIVE_COMPILATION_CONDITIONS = "DEBUG $(inherited)";
				SWIFT_OPTIMIZATION_LEVEL = "-Onone";
			};
			name = Debug;
		};
		022919452C73339300A22BAB /* Release */ = {
			isa = XCBuildConfiguration;
			buildSettings = {
				ALWAYS_SEARCH_USER_PATHS = NO;
				ASSETCATALOG_COMPILER_GENERATE_SWIFT_ASSET_SYMBOL_EXTENSIONS = YES;
				CLANG_ANALYZER_NONNULL = YES;
				CLANG_ANALYZER_NUMBER_OBJECT_CONVERSION = YES_AGGRESSIVE;
				CLANG_CXX_LANGUAGE_STANDARD = "gnu++20";
				CLANG_ENABLE_MODULES = YES;
				CLANG_ENABLE_OBJC_ARC = YES;
				CLANG_ENABLE_OBJC_WEAK = YES;
				CLANG_WARN_BLOCK_CAPTURE_AUTORELEASING = YES;
				CLANG_WARN_BOOL_CONVERSION = YES;
				CLANG_WARN_COMMA = YES;
				CLANG_WARN_CONSTANT_CONVERSION = YES;
				CLANG_WARN_DEPRECATED_OBJC_IMPLEMENTATIONS = YES;
				CLANG_WARN_DIRECT_OBJC_ISA_USAGE = YES_ERROR;
				CLANG_WARN_DOCUMENTATION_COMMENTS = YES;
				CLANG_WARN_EMPTY_BODY = YES;
				CLANG_WARN_ENUM_CONVERSION = YES;
				CLANG_WARN_INFINITE_RECURSION = YES;
				CLANG_WARN_INT_CONVERSION = YES;
				CLANG_WARN_NON_LITERAL_NULL_CONVERSION = YES;
				CLANG_WARN_OBJC_IMPLICIT_RETAIN_SELF = YES;
				CLANG_WARN_OBJC_LITERAL_CONVERSION = YES;
				CLANG_WARN_OBJC_ROOT_CLASS = YES_ERROR;
				CLANG_WARN_QUOTED_INCLUDE_IN_FRAMEWORK_HEADER = YES;
				CLANG_WARN_RANGE_LOOP_ANALYSIS = YES;
				CLANG_WARN_STRICT_PROTOTYPES = YES;
				CLANG_WARN_SUSPICIOUS_MOVE = YES;
				CLANG_WARN_UNGUARDED_AVAILABILITY = YES_AGGRESSIVE;
				CLANG_WARN_UNREACHABLE_CODE = YES;
				CLANG_WARN__DUPLICATE_METHOD_MATCH = YES;
				COPY_PHASE_STRIP = NO;
				DEBUG_INFORMATION_FORMAT = "dwarf-with-dsym";
				ENABLE_NS_ASSERTIONS = NO;
				ENABLE_STRICT_OBJC_MSGSEND = YES;
				ENABLE_USER_SCRIPT_SANDBOXING = YES;
				GCC_C_LANGUAGE_STANDARD = gnu17;
				GCC_NO_COMMON_BLOCKS = YES;
				GCC_WARN_64_TO_32_BIT_CONVERSION = YES;
				GCC_WARN_ABOUT_RETURN_TYPE = YES_ERROR;
				GCC_WARN_UNDECLARED_SELECTOR = YES;
				GCC_WARN_UNINITIALIZED_AUTOS = YES_AGGRESSIVE;
				GCC_WARN_UNUSED_FUNCTION = YES;
				GCC_WARN_UNUSED_VARIABLE = YES;
				IPHONEOS_DEPLOYMENT_TARGET = 17.5;
				LOCALIZATION_PREFERS_STRING_CATALOGS = YES;
				MTL_ENABLE_DEBUG_INFO = NO;
				MTL_FAST_MATH = YES;
				SDKROOT = iphoneos;
				SWIFT_COMPILATION_MODE = wholemodule;
				VALIDATE_PRODUCT = YES;
			};
			name = Release;
		};
		022919472C73339300A22BAB /* Debug */ = {
			isa = XCBuildConfiguration;
			buildSettings = {
				ASSETCATALOG_COMPILER_APPICON_NAME = AppIcon;
				ASSETCATALOG_COMPILER_GLOBAL_ACCENT_COLOR_NAME = AccentColor;
				CODE_SIGN_STYLE = Automatic;
				CURRENT_PROJECT_VERSION = 1;
				DEVELOPMENT_ASSET_PATHS = "\"Landmarks/Preview Content\"";
				ENABLE_PREVIEWS = YES;
				GENERATE_INFOPLIST_FILE = YES;
				INFOPLIST_KEY_UIApplicationSceneManifest_Generation = YES;
				INFOPLIST_KEY_UIApplicationSupportsIndirectInputEvents = YES;
				INFOPLIST_KEY_UILaunchScreen_Generation = YES;
				INFOPLIST_KEY_UISupportedInterfaceOrientations_iPad = "UIInterfaceOrientationPortrait UIInterfaceOrientationPortraitUpsideDown UIInterfaceOrientationLandscapeLeft UIInterfaceOrientationLandscapeRight";
				INFOPLIST_KEY_UISupportedInterfaceOrientations_iPhone = "UIInterfaceOrientationPortrait UIInterfaceOrientationLandscapeLeft UIInterfaceOrientationLandscapeRight";
				LD_RUNPATH_SEARCH_PATHS = (
					"$(inherited)",
					"@executable_path/Frameworks",
				);
				MARKETING_VERSION = 1.0;
				PRODUCT_BUNDLE_IDENTIFIER = com.example.apple.Landmarks;
				PRODUCT_NAME = "$(TARGET_NAME)";
				SWIFT_EMIT_LOC_STRINGS = YES;
				SWIFT_VERSION = 5.0;
				TARGETED_DEVICE_FAMILY = "1,2";
			};
			name = Debug;
		};
		022919482C73339300A22BAB /* Release */ = {
			isa = XCBuildConfiguration;
			buildSettings = {
				ASSETCATALOG_COMPILER_APPICON_NAME = AppIcon;
				ASSETCATALOG_COMPILER_GLOBAL_ACCENT_COLOR_NAME = AccentColor;
				CODE_SIGN_STYLE = Automatic;
				CURRENT_PROJECT_VERSION = 1;
				DEVELOPMENT_ASSET_PATHS = "\"Landmarks/Preview Content\"";
				ENABLE_PREVIEWS = YES;
				GENERATE_INFOPLIST_FILE = YES;
				INFOPLIST_KEY_UIApplicationSceneManifest_Generation = YES;
				INFOPLIST_KEY_UIApplicationSupportsIndirectInputEvents = YES;
				INFOPLIST_KEY_UILaunchScreen_Generation = YES;
				INFOPLIST_KEY_UISupportedInterfaceOrientations_iPad = "UIInterfaceOrientationPortrait UIInterfaceOrientationPortraitUpsideDown UIInterfaceOrientationLandscapeLeft UIInterfaceOrientationLandscapeRight";
				INFOPLIST_KEY_UISupportedInterfaceOrientations_iPhone = "UIInterfaceOrientationPortrait UIInterfaceOrientationLandscapeLeft UIInterfaceOrientationLandscapeRight";
				LD_RUNPATH_SEARCH_PATHS = (
					"$(inherited)",
					"@executable_path/Frameworks",
				);
				MARKETING_VERSION = 1.0;
				PRODUCT_BUNDLE_IDENTIFIER = com.example.apple.Landmarks;
				PRODUCT_NAME = "$(TARGET_NAME)";
				SWIFT_EMIT_LOC_STRINGS = YES;
				SWIFT_VERSION = 5.0;
				TARGETED_DEVICE_FAMILY = "1,2";
			};
			name = Release;
		};
/* End XCBuildConfiguration section */

/* Begin XCConfigurationList section */
		022919332C73339100A22BAB /* Build configuration list for PBXProject "Landmarks" */ = {
			isa = XCConfigurationList;
			buildConfigurations = (
				022919442C73339300A22BAB /* Debug */,
				022919452C73339300A22BAB /* Release */,
			);
			defaultConfigurationIsVisible = 0;
			defaultConfigurationName = Release;
		};
		022919462C73339300A22BAB /* Build configuration list for PBXNativeTarget "Landmarks" */ = {
			isa = XCConfigurationList;
			buildConfigurations = (
				022919472C73339300A22BAB /* Debug */,
				022919482C73339300A22BAB /* Release */,
			);
			defaultConfigurationIsVisible = 0;
			defaultConfigurationName = Release;
		};
/* End XCConfigurationList section */
	};
	rootObject = 022919302C73339100A22BAB /* Project object */;
}
